
Microsoft Visual Studio Solution File, Format Version 12.00
# Visual Studio Version 17
VisualStudioVersion = 17.5.002.0
MinimumVisualStudioVersion = 10.0.40219.1
Project("{9A19103F-16F7-4668-BE54-9A1E7A4F7556}") = "017-fibonacciho-posloupnost", "017-fibonacciho-posloupnost.csproj", "{4A4A6AF9-4252-4087-9357-0E8091D90432}"
EndProject
Global
	GlobalSection(SolutionConfigurationPlatforms) = preSolution
		Debug|Any CPU = Debug|Any CPU
		Release|Any CPU = Release|Any CPU
	EndGlobalSection
	GlobalSection(ProjectConfigurationPlatforms) = postSolution
		{4A4A6AF9-4252-4087-9357-0E8091D90432}.Debug|Any CPU.ActiveCfg = Debug|Any CPU
		{4A4A6AF9-4252-4087-9357-0E8091D90432}.Debug|Any CPU.Build.0 = Debug|Any CPU
		{4A4A6AF9-4252-4087-9357-0E8091D90432}.Release|Any CPU.ActiveCfg = Release|Any CPU
		{4A4A6AF9-4252-4087-9357-0E8091D90432}.Release|Any CPU.Build.0 = Release|Any CPU
	EndGlobalSection
	GlobalSection(SolutionProperties) = preSolution
		HideSolutionNode = FALSE
	EndGlobalSection
	GlobalSection(ExtensibilityGlobals) = postSolution
		SolutionGuid = {6D12C13B-2B3F-4D08-ACBA-3D6AAB03F1B1}
	EndGlobalSection
EndGlobal
